
Microsoft Visual Studio Solution File, Format Version 12.00
# Visual Studio Version 17
VisualStudioVersion = 17.9.34622.214
MinimumVisualStudioVersion = 10.0.40219.1
Project("{9A19103F-16F7-4668-BE54-9A1E7A4F7556}") = "DeclarationParserTest", "DeclarationParserTest.csproj", "{280FEDB5-1A2B-4691-86F7-40F5123C903A}"
EndProject
Global
	GlobalSection(SolutionConfigurationPlatforms) = preSolution
		Debug|Any CPU = Debug|Any CPU
		Release|Any CPU = Release|Any CPU
	EndGlobalSection
	GlobalSection(ProjectConfigurationPlatforms) = postSolution
		{280FEDB5-1A2B-4691-86F7-40F5123C903A}.Debug|Any CPU.ActiveCfg = Debug|Any CPU
		{280FEDB5-1A2B-4691-86F7-40F5123C903A}.Debug|Any CPU.Build.0 = Debug|Any CPU
		{280FEDB5-1A2B-4691-86F7-40F5123C903A}.Release|Any CPU.ActiveCfg = Release|Any CPU
		{280FEDB5-1A2B-4691-86F7-40F5123C903A}.Release|Any CPU.Build.0 = Release|Any CPU
	EndGlobalSection
	GlobalSection(SolutionProperties) = preSolution
		HideSolutionNode = FALSE
	EndGlobalSection
	GlobalSection(ExtensibilityGlobals) = postSolution
		SolutionGuid = {027674B2-47A9-4185-A84F-44F285D6F0EA}
	EndGlobalSection
EndGlobal
