
Microsoft Visual Studio Solution File, Format Version 12.00
# Visual Studio Version 17
VisualStudioVersion = 17.9.34622.214
MinimumVisualStudioVersion = 10.0.40219.1
Project("{9A19103F-16F7-4668-BE54-9A1E7A4F7556}") = "HeaderGenerator", "HeaderGenerator.csproj", "{9CFC7577-FA3C-4193-B3FA-2DA14EDC844B}"
EndProject
Global
	GlobalSection(SolutionConfigurationPlatforms) = preSolution
		Debug|Any CPU = Debug|Any CPU
		Debug|x64 = Debug|x64
		Release|Any CPU = Release|Any CPU
		Release|x64 = Release|x64
	EndGlobalSection
	GlobalSection(ProjectConfigurationPlatforms) = postSolution
		{9CFC7577-FA3C-4193-B3FA-2DA14EDC844B}.Debug|Any CPU.ActiveCfg = Debug|Any CPU
		{9CFC7577-FA3C-4193-B3FA-2DA14EDC844B}.Debug|Any CPU.Build.0 = Debug|Any CPU
		{9CFC7577-FA3C-4193-B3FA-2DA14EDC844B}.Debug|x64.ActiveCfg = Debug|x64
		{9CFC7577-FA3C-4193-B3FA-2DA14EDC844B}.Debug|x64.Build.0 = Debug|x64
		{9CFC7577-FA3C-4193-B3FA-2DA14EDC844B}.Release|Any CPU.ActiveCfg = Release|Any CPU
		{9CFC7577-FA3C-4193-B3FA-2DA14EDC844B}.Release|Any CPU.Build.0 = Release|Any CPU
		{9CFC7577-FA3C-4193-B3FA-2DA14EDC844B}.Release|x64.ActiveCfg = Release|x64
		{9CFC7577-FA3C-4193-B3FA-2DA14EDC844B}.Release|x64.Build.0 = Release|x64
	EndGlobalSection
	GlobalSection(SolutionProperties) = preSolution
		HideSolutionNode = FALSE
	EndGlobalSection
	GlobalSection(ExtensibilityGlobals) = postSolution
		SolutionGuid = {77A8D1B5-0C38-41A4-AEB6-486A311271B2}
	EndGlobalSection
EndGlobal
