
Microsoft Visual Studio Solution File, Format Version 12.00
# Visual Studio Version 17
VisualStudioVersion = 17.9.34622.214
MinimumVisualStudioVersion = 10.0.40219.1
Project("{FAE04EC0-301F-11D3-BF4B-00C04F79EFBC}") = "HeaderGenerator", "HeaderGenerator.csproj", "{9CFC7577-FA3C-4193-B3FA-2DA14EDC844B}"
EndProject
Global
	GlobalSection(SolutionConfigurationPlatforms) = preSolution
		Debug|Any CPU = Debug|Any CPU
		Release|Any CPU = Release|Any CPU
	EndGlobalSection
	GlobalSection(ProjectConfigurationPlatforms) = postSolution
		{9CFC7577-FA3C-4193-B3FA-2DA14EDC844B}.Debug|Any CPU.ActiveCfg = Debug|Any CPU
		{9CFC7577-FA3C-4193-B3FA-2DA14EDC844B}.Debug|Any CPU.Build.0 = Debug|Any CPU
		{9CFC7577-FA3C-4193-B3FA-2DA14EDC844B}.Release|Any CPU.ActiveCfg = Release|Any CPU
		{9CFC7577-FA3C-4193-B3FA-2DA14EDC844B}.Release|Any CPU.Build.0 = Release|Any CPU
	EndGlobalSection
	GlobalSection(SolutionProperties) = preSolution
		HideSolutionNode = FALSE
	EndGlobalSection
	GlobalSection(ExtensibilityGlobals) = postSolution
		SolutionGuid = {77A8D1B5-0C38-41A4-AEB6-486A311271B2}
	EndGlobalSection
EndGlobal
